{
    "_meta": {
        "hash": {
            "sha256": "8d58ee83c8b484e9abd511e620be1ee3e8b613b153a5e42a577d8e955fde2904"
        },
        "pipfile-spec": 6,
        "requires": {
            "python_version": "3.10"
        },
        "sources": [
            {
                "name": "pypi",
                "url": "https://pypi.org/simple",
                "verify_ssl": true
            }
        ]
    },
    "default": {},
    "develop": {}
}
